
Microsoft Visual Studio Solution File, Format Version 12.00
# Visual Studio Version 16
VisualStudioVersion = 16.0.30907.101
MinimumVisualStudioVersion = 10.0.40219.1
Project("{9A19103F-16F7-4668-BE54-9A1E7A4F7556}") = "StonkAtlas.QTLogger", "QTLogger\StonkAtlas.QTLogger.csproj", "{D23CF6DF-512C-4550-A2F3-4DD74BFE4128}"
EndProject
Global
	GlobalSection(SolutionConfigurationPlatforms) = preSolution
		Debug|Any CPU = Debug|Any CPU
		Release|Any CPU = Release|Any CPU
	EndGlobalSection
	GlobalSection(ProjectConfigurationPlatforms) = postSolution
		{D23CF6DF-512C-4550-A2F3-4DD74BFE4128}.Debug|Any CPU.ActiveCfg = Debug|Any CPU
		{D23CF6DF-512C-4550-A2F3-4DD74BFE4128}.Debug|Any CPU.Build.0 = Debug|Any CPU
		{D23CF6DF-512C-4550-A2F3-4DD74BFE4128}.Release|Any CPU.ActiveCfg = Release|Any CPU
		{D23CF6DF-512C-4550-A2F3-4DD74BFE4128}.Release|Any CPU.Build.0 = Release|Any CPU
	EndGlobalSection
	GlobalSection(SolutionProperties) = preSolution
		HideSolutionNode = FALSE
	EndGlobalSection
	GlobalSection(ExtensibilityGlobals) = postSolution
		SolutionGuid = {D94EB047-7E59-4416-B188-3A0AB4CEC591}
	EndGlobalSection
EndGlobal
